<?xml version="1.0" encoding="utf-8"?>
<Project ToolsVersion="4.0" xmlns="http://schemas.microsoft.com/developer/msbuild/2003">
  <ItemGroup>
    <Filter Include="lib">
      <UniqueIdentifier>{94ec3c80-157b-44fd-95a2-4d0b4440cbde}</UniqueIdentifier>
    </Filter>
    <Filter Include="Game">
      <UniqueIdentifier>{48f38419-aa18-4b27-adb2-7f2e8e7aba99}</UniqueIdentifier>
    </Filter>
    <Filter Include="Game\States">
      <UniqueIdentifier>{b94c3634-09ce-43b1-8cf5-53a8c0c5d3b4}</UniqueIdentifier>
    </Filter>
    <Filter Include="Game\Elements">
      <UniqueIdentifier>{f8a57a34-b4e1-49c7-abe1-e613a88ef600}</UniqueIdentifier>
    </Filter>
    <Filter Include="Game\Elements\UI">
      <UniqueIdentifier>{8ff47b07-e859-4503-8065-eaf87c15e2a5}</UniqueIdentifier>
    </Filter>
    <Filter Include="Game\Elements\Gameplay">
      <UniqueIdentifier>{29186d3b-a6c2-4426-958f-abc46aa13923}</UniqueIdentifier>
    </Filter>
  </ItemGroup>
  <ItemGroup>
    <ClInclude Include="..\lib\raylib-2.5.0-Win32-msvc15\include\raylib.h">
      <Filter>lib</Filter>
    </ClInclude>
    <ClInclude Include="..\src\Game\game.h">
      <Filter>Game</Filter>
    </ClInclude>
    <ClInclude Include="..\src\Game\States\gameplay.h">
      <Filter>Game\States</Filter>
    </ClInclude>
    <ClInclude Include="..\src\Game\States\main_menu.h">
      <Filter>Game\States</Filter>
    </ClInclude>
    <ClInclude Include="..\src\Game\States\credits_screen.h">
      <Filter>Game\States</Filter>
    </ClInclude>
    <ClInclude Include="..\src\Game\States\game_over.h">
      <Filter>Game\States</Filter>
    </ClInclude>
    <ClInclude Include="..\src\Game\Elements\UI\buttons.h">
      <Filter>Game\Elements\UI</Filter>
    </ClInclude>
  </ItemGroup>
  <ItemGroup>
    <ClCompile Include="..\src\main.cpp" />
    <ClCompile Include="..\src\Game\game.cpp">
      <Filter>Game</Filter>
    </ClCompile>
    <ClCompile Include="..\src\Game\States\credits_screen.cpp">
      <Filter>Game\States</Filter>
    </ClCompile>
    <ClCompile Include="..\src\Game\States\game_over.cpp">
      <Filter>Game\States</Filter>
    </ClCompile>
    <ClCompile Include="..\src\Game\Elements\UI\buttons.cpp">
      <Filter>Game\Elements\UI</Filter>
    </ClCompile>
    <ClCompile Include="..\src\Game\States\gameplay.cpp">
      <Filter>Game\States</Filter>
    </ClCompile>
    <ClCompile Include="..\src\Game\States\main_menu.cpp">
      <Filter>Game\States</Filter>
    </ClCompile>
  </ItemGroup>
</Project>